
Microsoft Visual Studio Solution File, Format Version 12.00
# Visual Studio Version 17
VisualStudioVersion = 17.11.35312.102
MinimumVisualStudioVersion = 10.0.40219.1
Project("{FAE04EC0-301F-11D3-BF4B-00C04F79EFBC}") = "ArrayAnalyzer", "ArrayAnalyzer\ArrayAnalyzer.csproj", "{FE1727B3-C30C-4214-A070-2EF86AF6B01E}"
EndProject
Global
	GlobalSection(SolutionConfigurationPlatforms) = preSolution
		Debug|Any CPU = Debug|Any CPU
		Release|Any CPU = Release|Any CPU
	EndGlobalSection
	GlobalSection(ProjectConfigurationPlatforms) = postSolution
		{FE1727B3-C30C-4214-A070-2EF86AF6B01E}.Debug|Any CPU.ActiveCfg = Debug|Any CPU
		{FE1727B3-C30C-4214-A070-2EF86AF6B01E}.Debug|Any CPU.Build.0 = Debug|Any CPU
		{FE1727B3-C30C-4214-A070-2EF86AF6B01E}.Release|Any CPU.ActiveCfg = Release|Any CPU
		{FE1727B3-C30C-4214-A070-2EF86AF6B01E}.Release|Any CPU.Build.0 = Release|Any CPU
	EndGlobalSection
	GlobalSection(SolutionProperties) = preSolution
		HideSolutionNode = FALSE
	EndGlobalSection
	GlobalSection(ExtensibilityGlobals) = postSolution
		SolutionGuid = {A1F5CEA0-FABF-4B01-B936-3A9CF91FF534}
	EndGlobalSection
EndGlobal
