
Microsoft Visual Studio Solution File, Format Version 12.00
# Visual Studio Version 17
VisualStudioVersion = 17.11.35312.102
MinimumVisualStudioVersion = 10.0.40219.1
Project("{FAE04EC0-301F-11D3-BF4B-00C04F79EFBC}") = "BankAccount_Project", "BankAccount_Project\BankAccount_Project.csproj", "{0CCE3260-0DCE-45BF-AE59-810305F12CF9}"
EndProject
Global
	GlobalSection(SolutionConfigurationPlatforms) = preSolution
		Debug|Any CPU = Debug|Any CPU
		Release|Any CPU = Release|Any CPU
	EndGlobalSection
	GlobalSection(ProjectConfigurationPlatforms) = postSolution
		{0CCE3260-0DCE-45BF-AE59-810305F12CF9}.Debug|Any CPU.ActiveCfg = Debug|Any CPU
		{0CCE3260-0DCE-45BF-AE59-810305F12CF9}.Debug|Any CPU.Build.0 = Debug|Any CPU
		{0CCE3260-0DCE-45BF-AE59-810305F12CF9}.Release|Any CPU.ActiveCfg = Release|Any CPU
		{0CCE3260-0DCE-45BF-AE59-810305F12CF9}.Release|Any CPU.Build.0 = Release|Any CPU
	EndGlobalSection
	GlobalSection(SolutionProperties) = preSolution
		HideSolutionNode = FALSE
	EndGlobalSection
	GlobalSection(ExtensibilityGlobals) = postSolution
		SolutionGuid = {F1733845-42F9-406C-A8EF-6AEB6D4A27F3}
	EndGlobalSection
EndGlobal
